
Microsoft Visual Studio Solution File, Format Version 12.00
# Visual Studio Version 17
VisualStudioVersion = 17.0.32014.148
MinimumVisualStudioVersion = 10.0.40219.1
Project("{FAE04EC0-301F-11D3-BF4B-00C04F79EFBC}") = "SimpleShoppingCart", "SimpleShoppingCart\SimpleShoppingCart.csproj", "{9B90B8F7-C85C-47C2-8B1C-F749F4022C20}"
EndProject
Project("{2150E333-8FDC-42A3-9474-1A3956D46DE8}") = "Solution Items", "Solution Items", "{98B4AA64-916F-41ED-A28A-C7EA11897A61}"
	ProjectSection(SolutionItems) = preProject
		.editorconfig = .editorconfig
	EndProjectSection
EndProject
Global
	GlobalSection(SolutionConfigurationPlatforms) = preSolution
		Debug|Any CPU = Debug|Any CPU
		Release|Any CPU = Release|Any CPU
	EndGlobalSection
	GlobalSection(ProjectConfigurationPlatforms) = postSolution
		{9B90B8F7-C85C-47C2-8B1C-F749F4022C20}.Debug|Any CPU.ActiveCfg = Debug|Any CPU
		{9B90B8F7-C85C-47C2-8B1C-F749F4022C20}.Debug|Any CPU.Build.0 = Debug|Any CPU
		{9B90B8F7-C85C-47C2-8B1C-F749F4022C20}.Release|Any CPU.ActiveCfg = Release|Any CPU
		{9B90B8F7-C85C-47C2-8B1C-F749F4022C20}.Release|Any CPU.Build.0 = Release|Any CPU
	EndGlobalSection
	GlobalSection(SolutionProperties) = preSolution
		HideSolutionNode = FALSE
	EndGlobalSection
	GlobalSection(ExtensibilityGlobals) = postSolution
		SolutionGuid = {088F3E2B-C0C4-416A-94AB-965AA2E66D83}
	EndGlobalSection
EndGlobal
